# This file is automatically @generated by pesde.
# It is not intended for manual editing.
format = 2
name = "teakzc/element"
version = "0.3.0"
target = "roblox"

[graph."wally#pyseph/objectcache@1.4.6 roblox"]
direct = ["objectcache", { wally = "wally#pyseph/objectcache", version = "^1.4.6", index = "default" }, "standard"]

[graph."wally#pyseph/objectcache@1.4.6 roblox".pkg_ref]
ref_ty = "wally"
index_url = "https://github.com/UpliftGames/wally-index"
