# This file is automatically @generated by Wally.
# It is not intended for manual editing.
registry = "test"

[[package]]
name = "pyseph/objectcache"
version = "1.4.6"
dependencies = []

[[package]]
name = "teakzc/element"
version = "0.2.1"
dependencies = [["objectcache", "pyseph/objectcache@1.4.6"]]
